// !$*UTF8*$!
{
	archiveVersion = 1;
	classes = {
	};
	objectVersion = 46;
	objects = {

/* Begin PBXBuildFile section */
		14CAC66C171B462B005EA308 /* Cocoa.framework in Frameworks */ = {isa = PBXBuildFile; fileRef = 14CAC66B171B462B005EA308 /* Cocoa.framework */; };
		14CAC676171B462C005EA308 /* InfoPlist.strings in Resources */ = {isa = PBXBuildFile; fileRef = 14CAC674171B462C005EA308 /* InfoPlist.strings */; };
		14CAC678171B462C005EA308 /* main.m in Sources */ = {isa = PBXBuildFile; fileRef = 14CAC677171B462C005EA308 /* main.m */; };
		14CAC67C171B462C005EA308 /* Credits.rtf in Resources */ = {isa = PBXBuildFile; fileRef = 14CAC67A171B462C005EA308 /* Credits.rtf */; };
		14CAC67F171B462C005EA308 /* AppDelegate.m in Sources */ = {isa = PBXBuildFile; fileRef = 14CAC67E171B462C005EA308 /* AppDelegate.m */; };
		14CAC682171B462D005EA308 /* MainMenu.xib in Resources */ = {isa = PBXBuildFile; fileRef = 14CAC680171B462D005EA308 /* MainMenu.xib */; };
		14CAC68B171B46E6005EA308 /* MasterViewController.m in Sources */ = {isa = PBXBuildFile; fileRef = 14CAC689171B46E6005EA308 /* MasterViewController.m */; };
		14CAC68C171B46E6005EA308 /* MasterViewController.xib in Resources */ = {isa = PBXBuildFile; fileRef = 14CAC68A171B46E6005EA308 /* MasterViewController.xib */; };
		14CAC68F171B4997005EA308 /* ScaryBugData.m in Sources */ = {isa = PBXBuildFile; fileRef = 14CAC68E171B4997005EA308 /* ScaryBugData.m */; };
		14CAC692171B4A5F005EA308 /* ScaryBugDoc.m in Sources */ = {isa = PBXBuildFile; fileRef = 14CAC691171B4A5F005EA308 /* ScaryBugDoc.m */; };
		14CAC69D171B4CCB005EA308 /* attribution.txt in Resources */ = {isa = PBXBuildFile; fileRef = 14CAC694171B4CCB005EA308 /* attribution.txt */; };
		14CAC69E171B4CCB005EA308 /* centipede.jpg in Resources */ = {isa = PBXBuildFile; fileRef = 14CAC695171B4CCB005EA308 /* centipede.jpg */; };
		14CAC69F171B4CCB005EA308 /* centipedeThumb.jpg in Resources */ = {isa = PBXBuildFile; fileRef = 14CAC696171B4CCB005EA308 /* centipedeThumb.jpg */; };
		14CAC6A0171B4CCB005EA308 /* ladybug.jpg in Resources */ = {isa = PBXBuildFile; fileRef = 14CAC697171B4CCB005EA308 /* ladybug.jpg */; };
		14CAC6A1171B4CCB005EA308 /* ladybugThumb.jpg in Resources */ = {isa = PBXBuildFile; fileRef = 14CAC698171B4CCB005EA308 /* ladybugThumb.jpg */; };
		14CAC6A2171B4CCB005EA308 /* potatoBug.jpg in Resources */ = {isa = PBXBuildFile; fileRef = 14CAC699171B4CCB005EA308 /* potatoBug.jpg */; };
		14CAC6A3171B4CCB005EA308 /* potatoBugThumb.jpg in Resources */ = {isa = PBXBuildFile; fileRef = 14CAC69A171B4CCB005EA308 /* potatoBugThumb.jpg */; };
		14CAC6A4171B4CCB005EA308 /* wolfSpider.jpg in Resources */ = {isa = PBXBuildFile; fileRef = 14CAC69B171B4CCB005EA308 /* wolfSpider.jpg */; };
		14CAC6A5171B4CCB005EA308 /* wolfSpiderThumb.jpg in Resources */ = {isa = PBXBuildFile; fileRef = 14CAC69C171B4CCB005EA308 /* wolfSpiderThumb.jpg */; };
/* End PBXBuildFile section */

/* Begin PBXFileReference section */
		14CAC668171B462B005EA308 /* Scary Bugs.app */ = {isa = PBXFileReference; explicitFileType = wrapper.application; includeInIndex = 0; path = "Scary Bugs.app"; sourceTree = BUILT_PRODUCTS_DIR; };
		14CAC66B171B462B005EA308 /* Cocoa.framework */ = {isa = PBXFileReference; lastKnownFileType = wrapper.framework; name = Cocoa.framework; path = System/Library/Frameworks/Cocoa.framework; sourceTree = SDKROOT; };
		14CAC66E171B462B005EA308 /* AppKit.framework */ = {isa = PBXFileReference; lastKnownFileType = wrapper.framework; name = AppKit.framework; path = System/Library/Frameworks/AppKit.framework; sourceTree = SDKROOT; };
		14CAC66F171B462B005EA308 /* CoreData.framework */ = {isa = PBXFileReference; lastKnownFileType = wrapper.framework; name = CoreData.framework; path = System/Library/Frameworks/CoreData.framework; sourceTree = SDKROOT; };
		14CAC670171B462B005EA308 /* Foundation.framework */ = {isa = PBXFileReference; lastKnownFileType = wrapper.framework; name = Foundation.framework; path = System/Library/Frameworks/Foundation.framework; sourceTree = SDKROOT; };
		14CAC673171B462B005EA308 /* Scary Bugs-Info.plist */ = {isa = PBXFileReference; lastKnownFileType = text.plist.xml; path = "Scary Bugs-Info.plist"; sourceTree = "<group>"; };
		14CAC675171B462C005EA308 /* en */ = {isa = PBXFileReference; lastKnownFileType = text.plist.strings; name = en; path = en.lproj/InfoPlist.strings; sourceTree = "<group>"; };
		14CAC677171B462C005EA308 /* main.m */ = {isa = PBXFileReference; lastKnownFileType = sourcecode.c.objc; path = main.m; sourceTree = "<group>"; };
		14CAC679171B462C005EA308 /* Scary Bugs-Prefix.pch */ = {isa = PBXFileReference; lastKnownFileType = sourcecode.c.h; path = "Scary Bugs-Prefix.pch"; sourceTree = "<group>"; };
		14CAC67B171B462C005EA308 /* en */ = {isa = PBXFileReference; lastKnownFileType = text.rtf; name = en; path = en.lproj/Credits.rtf; sourceTree = "<group>"; };
		14CAC67D171B462C005EA308 /* AppDelegate.h */ = {isa = PBXFileReference; lastKnownFileType = sourcecode.c.h; path = AppDelegate.h; sourceTree = "<group>"; };
		14CAC67E171B462C005EA308 /* AppDelegate.m */ = {isa = PBXFileReference; lastKnownFileType = sourcecode.c.objc; path = AppDelegate.m; sourceTree = "<group>"; };
		14CAC681171B462D005EA308 /* en */ = {isa = PBXFileReference; lastKnownFileType = file.xib; name = en; path = en.lproj/MainMenu.xib; sourceTree = "<group>"; };
		14CAC688171B46E6005EA308 /* MasterViewController.h */ = {isa = PBXFileReference; fileEncoding = 4; lastKnownFileType = sourcecode.c.h; path = MasterViewController.h; sourceTree = "<group>"; };
		14CAC689171B46E6005EA308 /* MasterViewController.m */ = {isa = PBXFileReference; fileEncoding = 4; lastKnownFileType = sourcecode.c.objc; path = MasterViewController.m; sourceTree = "<group>"; };
		14CAC68A171B46E6005EA308 /* MasterViewController.xib */ = {isa = PBXFileReference; fileEncoding = 4; lastKnownFileType = file.xib; path = MasterViewController.xib; sourceTree = "<group>"; };
		14CAC68D171B4996005EA308 /* ScaryBugData.h */ = {isa = PBXFileReference; fileEncoding = 4; lastKnownFileType = sourcecode.c.h; path = ScaryBugData.h; sourceTree = "<group>"; };
		14CAC68E171B4997005EA308 /* ScaryBugData.m */ = {isa = PBXFileReference; fileEncoding = 4; lastKnownFileType = sourcecode.c.objc; path = ScaryBugData.m; sourceTree = "<group>"; };
		14CAC690171B4A5F005EA308 /* ScaryBugDoc.h */ = {isa = PBXFileReference; fileEncoding = 4; lastKnownFileType = sourcecode.c.h; path = ScaryBugDoc.h; sourceTree = "<group>"; };
		14CAC691171B4A5F005EA308 /* ScaryBugDoc.m */ = {isa = PBXFileReference; fileEncoding = 4; lastKnownFileType = sourcecode.c.objc; path = ScaryBugDoc.m; sourceTree = "<group>"; };
		14CAC694171B4CCB005EA308 /* attribution.txt */ = {isa = PBXFileReference; fileEncoding = 4; lastKnownFileType = text; path = attribution.txt; sourceTree = "<group>"; };
		14CAC695171B4CCB005EA308 /* centipede.jpg */ = {isa = PBXFileReference; lastKnownFileType = image.jpeg; path = centipede.jpg; sourceTree = "<group>"; };
		14CAC696171B4CCB005EA308 /* centipedeThumb.jpg */ = {isa = PBXFileReference; lastKnownFileType = image.jpeg; path = centipedeThumb.jpg; sourceTree = "<group>"; };
		14CAC697171B4CCB005EA308 /* ladybug.jpg */ = {isa = PBXFileReference; lastKnownFileType = image.jpeg; path = ladybug.jpg; sourceTree = "<group>"; };
		14CAC698171B4CCB005EA308 /* ladybugThumb.jpg */ = {isa = PBXFileReference; lastKnownFileType = image.jpeg; path = ladybugThumb.jpg; sourceTree = "<group>"; };
		14CAC699171B4CCB005EA308 /* potatoBug.jpg */ = {isa = PBXFileReference; lastKnownFileType = image.jpeg; path = potatoBug.jpg; sourceTree = "<group>"; };
		14CAC69A171B4CCB005EA308 /* potatoBugThumb.jpg */ = {isa = PBXFileReference; lastKnownFileType = image.jpeg; path = potatoBugThumb.jpg; sourceTree = "<group>"; };
		14CAC69B171B4CCB005EA308 /* wolfSpider.jpg */ = {isa = PBXFileReference; lastKnownFileType = image.jpeg; path = wolfSpider.jpg; sourceTree = "<group>"; };
		14CAC69C171B4CCB005EA308 /* wolfSpiderThumb.jpg */ = {isa = PBXFileReference; lastKnownFileType = image.jpeg; path = wolfSpiderThumb.jpg; sourceTree = "<group>"; };
/* End PBXFileReference section */

/* Begin PBXFrameworksBuildPhase section */
		14CAC665171B462B005EA308 /* Frameworks */ = {
			isa = PBXFrameworksBuildPhase;
			buildActionMask = 2147483647;
			files = (
				14CAC66C171B462B005EA308 /* Cocoa.framework in Frameworks */,
			);
			runOnlyForDeploymentPostprocessing = 0;
		};
/* End PBXFrameworksBuildPhase section */

/* Begin PBXGroup section */
		14CAC65F171B462A005EA308 = {
			isa = PBXGroup;
			children = (
				14CAC693171B4CCB005EA308 /* ScaryBugs */,
				14CAC688171B46E6005EA308 /* MasterViewController.h */,
				14CAC689171B46E6005EA308 /* MasterViewController.m */,
				14CAC68A171B46E6005EA308 /* MasterViewController.xib */,
				14CAC671171B462B005EA308 /* Scary Bugs */,
				14CAC66A171B462B005EA308 /* Frameworks */,
				14CAC669171B462B005EA308 /* Products */,
			);
			sourceTree = "<group>";
		};
		14CAC669171B462B005EA308 /* Products */ = {
			isa = PBXGroup;
			children = (
				14CAC668171B462B005EA308 /* Scary Bugs.app */,
			);
			name = Products;
			sourceTree = "<group>";
		};
		14CAC66A171B462B005EA308 /* Frameworks */ = {
			isa = PBXGroup;
			children = (
				14CAC66B171B462B005EA308 /* Cocoa.framework */,
				14CAC66D171B462B005EA308 /* Other Frameworks */,
			);
			name = Frameworks;
			sourceTree = "<group>";
		};
		14CAC66D171B462B005EA308 /* Other Frameworks */ = {
			isa = PBXGroup;
			children = (
				14CAC66E171B462B005EA308 /* AppKit.framework */,
				14CAC66F171B462B005EA308 /* CoreData.framework */,
				14CAC670171B462B005EA308 /* Foundation.framework */,
			);
			name = "Other Frameworks";
			sourceTree = "<group>";
		};
		14CAC671171B462B005EA308 /* Scary Bugs */ = {
			isa = PBXGroup;
			children = (
				14CAC67D171B462C005EA308 /* AppDelegate.h */,
				14CAC67E171B462C005EA308 /* AppDelegate.m */,
				14CAC68D171B4996005EA308 /* ScaryBugData.h */,
				14CAC68E171B4997005EA308 /* ScaryBugData.m */,
				14CAC690171B4A5F005EA308 /* ScaryBugDoc.h */,
				14CAC691171B4A5F005EA308 /* ScaryBugDoc.m */,
				14CAC680171B462D005EA308 /* MainMenu.xib */,
				14CAC672171B462B005EA308 /* Supporting Files */,
			);
			path = "Scary Bugs";
			sourceTree = "<group>";
		};
		14CAC672171B462B005EA308 /* Supporting Files */ = {
			isa = PBXGroup;
			children = (
				14CAC673171B462B005EA308 /* Scary Bugs-Info.plist */,
				14CAC674171B462C005EA308 /* InfoPlist.strings */,
				14CAC677171B462C005EA308 /* main.m */,
				14CAC679171B462C005EA308 /* Scary Bugs-Prefix.pch */,
				14CAC67A171B462C005EA308 /* Credits.rtf */,
			);
			name = "Supporting Files";
			sourceTree = "<group>";
		};
		14CAC693171B4CCB005EA308 /* ScaryBugs */ = {
			isa = PBXGroup;
			children = (
				14CAC694171B4CCB005EA308 /* attribution.txt */,
				14CAC695171B4CCB005EA308 /* centipede.jpg */,
				14CAC696171B4CCB005EA308 /* centipedeThumb.jpg */,
				14CAC697171B4CCB005EA308 /* ladybug.jpg */,
				14CAC698171B4CCB005EA308 /* ladybugThumb.jpg */,
				14CAC699171B4CCB005EA308 /* potatoBug.jpg */,
				14CAC69A171B4CCB005EA308 /* potatoBugThumb.jpg */,
				14CAC69B171B4CCB005EA308 /* wolfSpider.jpg */,
				14CAC69C171B4CCB005EA308 /* wolfSpiderThumb.jpg */,
			);
			path = ScaryBugs;
			sourceTree = "<group>";
		};
/* End PBXGroup section */

/* Begin PBXNativeTarget section */
		14CAC667171B462B005EA308 /* Scary Bugs */ = {
			isa = PBXNativeTarget;
			buildConfigurationList = 14CAC685171B462D005EA308 /* Build configuration list for PBXNativeTarget "Scary Bugs" */;
			buildPhases = (
				14CAC664171B462B005EA308 /* Sources */,
				14CAC665171B462B005EA308 /* Frameworks */,
				14CAC666171B462B005EA308 /* Resources */,
			);
			buildRules = (
			);
			dependencies = (
			);
			name = "Scary Bugs";
			productName = "Scary Bugs";
			productReference = 14CAC668171B462B005EA308 /* Scary Bugs.app */;
			productType = "com.apple.product-type.application";
		};
/* End PBXNativeTarget section */

/* Begin PBXProject section */
		14CAC660171B462A005EA308 /* Project object */ = {
			isa = PBXProject;
			attributes = {
				LastUpgradeCheck = 0460;
				ORGANIZATIONNAME = "Sean Behan";
			};
			buildConfigurationList = 14CAC663171B462A005EA308 /* Build configuration list for PBXProject "Scary Bugs" */;
			compatibilityVersion = "Xcode 3.2";
			developmentRegion = English;
			hasScannedForEncodings = 0;
			knownRegions = (
				en,
			);
			mainGroup = 14CAC65F171B462A005EA308;
			productRefGroup = 14CAC669171B462B005EA308 /* Products */;
			projectDirPath = "";
			projectRoot = "";
			targets = (
				14CAC667171B462B005EA308 /* Scary Bugs */,
			);
		};
/* End PBXProject section */

/* Begin PBXResourcesBuildPhase section */
		14CAC666171B462B005EA308 /* Resources */ = {
			isa = PBXResourcesBuildPhase;
			buildActionMask = 2147483647;
			files = (
				14CAC676171B462C005EA308 /* InfoPlist.strings in Resources */,
				14CAC67C171B462C005EA308 /* Credits.rtf in Resources */,
				14CAC682171B462D005EA308 /* MainMenu.xib in Resources */,
				14CAC68C171B46E6005EA308 /* MasterViewController.xib in Resources */,
				14CAC69D171B4CCB005EA308 /* attribution.txt in Resources */,
				14CAC69E171B4CCB005EA308 /* centipede.jpg in Resources */,
				14CAC69F171B4CCB005EA308 /* centipedeThumb.jpg in Resources */,
				14CAC6A0171B4CCB005EA308 /* ladybug.jpg in Resources */,
				14CAC6A1171B4CCB005EA308 /* ladybugThumb.jpg in Resources */,
				14CAC6A2171B4CCB005EA308 /* potatoBug.jpg in Resources */,
				14CAC6A3171B4CCB005EA308 /* potatoBugThumb.jpg in Resources */,
				14CAC6A4171B4CCB005EA308 /* wolfSpider.jpg in Resources */,
				14CAC6A5171B4CCB005EA308 /* wolfSpiderThumb.jpg in Resources */,
			);
			runOnlyForDeploymentPostprocessing = 0;
		};
/* End PBXResourcesBuildPhase section */

/* Begin PBXSourcesBuildPhase section */
		14CAC664171B462B005EA308 /* Sources */ = {
			isa = PBXSourcesBuildPhase;
			buildActionMask = 2147483647;
			files = (
				14CAC678171B462C005EA308 /* main.m in Sources */,
				14CAC67F171B462C005EA308 /* AppDelegate.m in Sources */,
				14CAC68B171B46E6005EA308 /* MasterViewController.m in Sources */,
				14CAC68F171B4997005EA308 /* ScaryBugData.m in Sources */,
				14CAC692171B4A5F005EA308 /* ScaryBugDoc.m in Sources */,
			);
			runOnlyForDeploymentPostprocessing = 0;
		};
/* End PBXSourcesBuildPhase section */

/* Begin PBXVariantGroup section */
		14CAC674171B462C005EA308 /* InfoPlist.strings */ = {
			isa = PBXVariantGroup;
			children = (
				14CAC675171B462C005EA308 /* en */,
			);
			name = InfoPlist.strings;
			sourceTree = "<group>";
		};
		14CAC67A171B462C005EA308 /* Credits.rtf */ = {
			isa = PBXVariantGroup;
			children = (
				14CAC67B171B462C005EA308 /* en */,
			);
			name = Credits.rtf;
			sourceTree = "<group>";
		};
		14CAC680171B462D005EA308 /* MainMenu.xib */ = {
			isa = PBXVariantGroup;
			children = (
				14CAC681171B462D005EA308 /* en */,
			);
			name = MainMenu.xib;
			sourceTree = "<group>";
		};
/* End PBXVariantGroup section */

/* Begin XCBuildConfiguration section */
		14CAC683171B462D005EA308 /* Debug */ = {
			isa = XCBuildConfiguration;
			buildSettings = {
				ALWAYS_SEARCH_USER_PATHS = NO;
				ARCHS = "$(ARCHS_STANDARD_64_BIT)";
				CLANG_CXX_LANGUAGE_STANDARD = "gnu++0x";
				CLANG_CXX_LIBRARY = "libc++";
				CLANG_ENABLE_OBJC_ARC = YES;
				CLANG_WARN_CONSTANT_CONVERSION = YES;
				CLANG_WARN_EMPTY_BODY = YES;
				CLANG_WARN_ENUM_CONVERSION = YES;
				CLANG_WARN_INT_CONVERSION = YES;
				CLANG_WARN__DUPLICATE_METHOD_MATCH = YES;
				COPY_PHASE_STRIP = NO;
				GCC_C_LANGUAGE_STANDARD = gnu99;
				GCC_DYNAMIC_NO_PIC = NO;
				GCC_ENABLE_OBJC_EXCEPTIONS = YES;
				GCC_OPTIMIZATION_LEVEL = 0;
				GCC_PREPROCESSOR_DEFINITIONS = (
					"DEBUG=1",
					"$(inherited)",
				);
				GCC_SYMBOLS_PRIVATE_EXTERN = NO;
				GCC_WARN_64_TO_32_BIT_CONVERSION = YES;
				GCC_WARN_ABOUT_RETURN_TYPE = YES;
				GCC_WARN_UNINITIALIZED_AUTOS = YES;
				GCC_WARN_UNUSED_VARIABLE = YES;
				MACOSX_DEPLOYMENT_TARGET = 10.8;
				ONLY_ACTIVE_ARCH = YES;
				SDKROOT = macosx;
			};
			name = Debug;
		};
		14CAC684171B462D005EA308 /* Release */ = {
			isa = XCBuildConfiguration;
			buildSettings = {
				ALWAYS_SEARCH_USER_PATHS = NO;
				ARCHS = "$(ARCHS_STANDARD_64_BIT)";
				CLANG_CXX_LANGUAGE_STANDARD = "gnu++0x";
				CLANG_CXX_LIBRARY = "libc++";
				CLANG_ENABLE_OBJC_ARC = YES;
				CLANG_WARN_CONSTANT_CONVERSION = YES;
				CLANG_WARN_EMPTY_BODY = YES;
				CLANG_WARN_ENUM_CONVERSION = YES;
				CLANG_WARN_INT_CONVERSION = YES;
				CLANG_WARN__DUPLICATE_METHOD_MATCH = YES;
				COPY_PHASE_STRIP = YES;
				DEBUG_INFORMATION_FORMAT = "dwarf-with-dsym";
				GCC_C_LANGUAGE_STANDARD = gnu99;
				GCC_ENABLE_OBJC_EXCEPTIONS = YES;
				GCC_WARN_64_TO_32_BIT_CONVERSION = YES;
				GCC_WARN_ABOUT_RETURN_TYPE = YES;
				GCC_WARN_UNINITIALIZED_AUTOS = YES;
				GCC_WARN_UNUSED_VARIABLE = YES;
				MACOSX_DEPLOYMENT_TARGET = 10.8;
				SDKROOT = macosx;
			};
			name = Release;
		};
		14CAC686171B462D005EA308 /* Debug */ = {
			isa = XCBuildConfiguration;
			buildSettings = {
				COMBINE_HIDPI_IMAGES = YES;
				GCC_PRECOMPILE_PREFIX_HEADER = YES;
				GCC_PREFIX_HEADER = "Scary Bugs/Scary Bugs-Prefix.pch";
				INFOPLIST_FILE = "Scary Bugs/Scary Bugs-Info.plist";
				PRODUCT_NAME = "$(TARGET_NAME)";
				WRAPPER_EXTENSION = app;
			};
			name = Debug;
		};
		14CAC687171B462D005EA308 /* Release */ = {
			isa = XCBuildConfiguration;
			buildSettings = {
				COMBINE_HIDPI_IMAGES = YES;
				GCC_PRECOMPILE_PREFIX_HEADER = YES;
				GCC_PREFIX_HEADER = "Scary Bugs/Scary Bugs-Prefix.pch";
				INFOPLIST_FILE = "Scary Bugs/Scary Bugs-Info.plist";
				PRODUCT_NAME = "$(TARGET_NAME)";
				WRAPPER_EXTENSION = app;
			};
			name = Release;
		};
/* End XCBuildConfiguration section */

/* Begin XCConfigurationList section */
		14CAC663171B462A005EA308 /* Build configuration list for PBXProject "Scary Bugs" */ = {
			isa = XCConfigurationList;
			buildConfigurations = (
				14CAC683171B462D005EA308 /* Debug */,
				14CAC684171B462D005EA308 /* Release */,
			);
			defaultConfigurationIsVisible = 0;
			defaultConfigurationName = Release;
		};
		14CAC685171B462D005EA308 /* Build configuration list for PBXNativeTarget "Scary Bugs" */ = {
			isa = XCConfigurationList;
			buildConfigurations = (
				14CAC686171B462D005EA308 /* Debug */,
				14CAC687171B462D005EA308 /* Release */,
			);
			defaultConfigurationIsVisible = 0;
		};
/* End XCConfigurationList section */
	};
	rootObject = 14CAC660171B462A005EA308 /* Project object */;
}
